{
  "name": "mcstructure-js",
  "version": "0.0.1",
  "lockfileVersion": 3,
  "requires": true,
  "packages": {
    "": {
      "name": "mcstructure-js",
      "version": "0.0.1",
      "license": "MIT",
      "dependencies": {
        "parsenbt-js": "^2.2.1"
      }
    },
    "node_modules/parsenbt-js": {
      "version": "2.2.1",
      "resolved": "https://registry.npmjs.org/parsenbt-js/-/parsenbt-js-2.2.1.tgz",
      "integrity": "sha512-i4VN2DWGHQfgmB/qWrmI/6WvFOkVOGzGOyWouEc7yZc7f7Bjb1erEZiT1R3Li1ftfLe5Ogkt6XRbwSxAcQH3aw=="
    }
  }
}
