{
  "name": "mcstructure-js",
  "version": "1.0.0",
  "lockfileVersion": 3,
  "requires": true,
  "packages": {
    "": {
      "name": "mcstructure-js",
      "version": "1.0.0",
      "license": "MIT",
      "dependencies": {
        "parsenbt-js": "^2.3.0",
        "project-mirror-registry": "^0.0.4"
      }
    },
    "node_modules/parsenbt-js": {
      "version": "2.3.0",
      "resolved": "https://registry.npmjs.org/parsenbt-js/-/parsenbt-js-2.3.0.tgz",
      "integrity": "sha512-TK+y1DuDPuPgEmKtccl/eR5c4jXkaxfl8UawqXYtydRQTPnsfhQkcU7gftbYV+SxkHebSbV8wYTHsYy9IY97lQ=="
    },
    "node_modules/project-mirror-registry": {
      "version": "0.0.4",
      "resolved": "https://registry.npmjs.org/project-mirror-registry/-/project-mirror-registry-0.0.4.tgz",
      "integrity": "sha512-VJNFe9Mp16DOZbtAMkSRYoyTUldCEWPNPUGT/CY01Zn9YVqb694BInvl1r4lWZkYx9F7xR1i9CeXX5i8WrkpHQ==",
      "dependencies": {
        "parsenbt-js": "^2.2.2"
      }
    }
  }
}
