{
  "name": "mcstructure-js",
  "version": "0.0.1",
  "lockfileVersion": 3,
  "requires": true,
  "packages": {
    "": {
      "name": "mcstructure-js",
      "version": "0.0.1",
      "license": "MIT",
      "dependencies": {
        "parsenbt-js": "^2.3.0",
        "project-mirror-registry": "^0.0.2"
      }
    },
    "node_modules/parsenbt-js": {
      "version": "2.3.0",
      "resolved": "https://registry.npmjs.org/parsenbt-js/-/parsenbt-js-2.3.0.tgz",
      "integrity": "sha512-TK+y1DuDPuPgEmKtccl/eR5c4jXkaxfl8UawqXYtydRQTPnsfhQkcU7gftbYV+SxkHebSbV8wYTHsYy9IY97lQ=="
    },
    "node_modules/project-mirror-registry": {
      "version": "0.0.2",
      "resolved": "https://registry.npmjs.org/project-mirror-registry/-/project-mirror-registry-0.0.2.tgz",
      "integrity": "sha512-a2IaF0MDlvnObshWmyN8QG1qcBZftmocGuJ9J2/IfL8+N3CLIER+5DS8wjj8YQrmNqiRtn+m95461OT18ErXPQ==",
      "dependencies": {
        "parsenbt-js": "^2.2.2"
      }
    }
  }
}
